%{
  "circuits_gpio": {:hex, :circuits_gpio, "1.2.2", "92a84668578f42ff557031c50fe893d14b6548543dda6d11dba8c1a808999a4f", [:make, :mix], [{:elixir_make, "~> 0.6", [hex: :elixir_make, repo: "hexpm", optional: false]}], "hexpm", "7516b64e68da07d76ee6bbc6d6159ce0cd31b21c13cb25dc998a4e044f6e0960"},
  "circuits_spi": {:hex, :circuits_spi, "1.4.0", "ca1674c4c955bbd3e6e8d4390c63514da6b6d976b098ed99d375d09b94259a5b", [:make, :mix], [{:elixir_make, "~> 0.6", [hex: :elixir_make, repo: "hexpm", optional: false]}], "hexpm", "bf37c24a720c30a5201b7d098276ef074c1b5a79105e11dec11ddd54d6fb793f"},
  "cowlib": {:hex, :cowlib, "2.11.0", "0b9ff9c346629256c42ebe1eeb769a83c6cb771a6ee5960bd110ab0b9b872063", [:make, :rebar3], [], "hexpm", "2b3e9da0b21c4565751a6d4901c20d1b4cc25cbb7fd50d91d2ab6dd287bc86a9"},
  "ds18b20_1w": {:hex, :ds18b20_1w, "0.1.2", "10e8540983ae9b5fa0ee3b15925f567d806e56cc00161dc6cc0c623173745476", [:mix], [], "hexpm", "e3f1140e7999614e4d5577661cf4c351eabd89a343f4e7bbdb057f3defa2b7cb"},
  "elixir_make": {:hex, :elixir_make, "0.8.4", "4960a03ce79081dee8fe119d80ad372c4e7badb84c493cc75983f9d3bc8bde0f", [:mix], [{:castore, "~> 0.1 or ~> 1.0", [hex: :castore, repo: "hexpm", optional: true]}, {:certifi, "~> 2.0", [hex: :certifi, repo: "hexpm", optional: true]}], "hexpm", "6e7f1d619b5f61dfabd0a20aa268e575572b542ac31723293a4c1a567d5ef040"},
  "emqtt": {:git, "https://github.com/emqx/emqtt.git", "b3c6cba48cdf15c3e573ebcaf94502249ade6689", [tag: "1.4.4"]},
  "extrace": {:hex, :extrace, "0.5.0", "4ee5419fbc3820c4592daebe0f8527001aa623578d9a725d8ae521315fce0277", [:mix], [{:recon, "~> 2.5", [hex: :recon, repo: "hexpm", optional: false]}], "hexpm", "2a3ab7fa0701949efee1034293fa0b0e65926ffe256ccd6d0e10dd8a9406cd02"},
  "gen_state_machine": {:hex, :gen_state_machine, "3.0.0", "1e57f86a494e5c6b14137ebef26a7eb342b3b0070c7135f2d6768ed3f6b6cdff", [:mix], [], "hexpm", "0a59652574bebceb7309f6b749d2a41b45fdeda8dbb4da0791e355dd19f0ed15"},
  "getopt": {:hex, :getopt, "1.0.2", "33d9b44289fe7ad08627ddfe1d798e30b2da0033b51da1b3a2d64e72cd581d02", [:rebar3], [], "hexpm", "a0029aea4322fb82a61f6876a6d9c66dc9878b6cb61faa13df3187384fd4ea26"},
  "gun": {:git, "https://github.com/emqx/gun", "e1b5e14139e2a936ad6561bf960f70f1e80b81e2", [tag: "1.3.4"]},
  "jason": {:hex, :jason, "1.4.1", "af1504e35f629ddcdd6addb3513c3853991f694921b1b9368b0bd32beb9f1b63", [:mix], [{:decimal, "~> 1.0 or ~> 2.0", [hex: :decimal, repo: "hexpm", optional: true]}], "hexpm", "fbb01ecdfd565b56261302f7e1fcc27c4fb8f32d56eab74db621fc154604a7a1"},
  "recon": {:hex, :recon, "2.5.5", "c108a4c406fa301a529151a3bb53158cadc4064ec0c5f99b03ddb8c0e4281bdf", [:mix, :rebar3], [], "hexpm", "632a6f447df7ccc1a4a10bdcfce71514412b16660fe59deca0fcf0aa3c054404"},
  "tortoise": {:hex, :tortoise, "0.10.0", "d8821b9a5052355ca61d9fa784652f435997fa98b210f88565c98f3494605efd", [:mix], [{:gen_state_machine, "~> 2.0 or ~> 3.0", [hex: :gen_state_machine, repo: "hexpm", optional: false]}], "hexpm", "926d97b03cd0d2f6e0e1ebf06c1efa50101de96d0317dea5604c1c9e43e66735"},
  "tz": {:hex, :tz, "0.21.1", "9aad76e2ae54aead5c6b3fbd3cc7c062c2cccfff63fd4945dd81768b55d22889", [:mix], [{:castore, "~> 0.1", [hex: :castore, repo: "hexpm", optional: true]}, {:mint, "~> 1.4", [hex: :mint, repo: "hexpm", optional: true]}], "hexpm", "42caf2056655577d5247d46d4572f193707bd08200d50eac0de5d686b3232b5f"},
}
